
Microsoft Visual Studio Solution File, Format Version 12.00
# Visual Studio Version 17
VisualStudioVersion = 17.13.35825.156
MinimumVisualStudioVersion = 10.0.40219.1
Project("{FAE04EC0-301F-11D3-BF4B-00C04F79EFBC}") = "CreditTrack", "CreditTrack\CreditTrack.csproj", "{B0B09A82-EE64-452A-AF32-A84A2B8D18B2}"
EndProject
Project("{FAE04EC0-301F-11D3-BF4B-00C04F79EFBC}") = "CreditTrack.Domain", "CreditTrack.Domain\CreditTrack.Domain.csproj", "{FA2973C7-C9BD-4E78-91E3-E7EE84DD3A62}"
EndProject
Project("{FAE04EC0-301F-11D3-BF4B-00C04F79EFBC}") = "CreditTrack.Application", "CreditTrack.Application\CreditTrack.Application.csproj", "{8E3C3614-6C98-42F4-8400-67BC8A3B6C7F}"
EndProject
Project("{FAE04EC0-301F-11D3-BF4B-00C04F79EFBC}") = "CreditTrack.Infrastructure", "CreditTrack.Infrastructure\CreditTrack.Infrastructure.csproj", "{8BD208E8-30D0-4379-9348-49E2D5F48A37}"
EndProject
Project("{2150E333-8FDC-42A3-9474-1A3956D46DE8}") = "Solution Items", "Solution Items", "{8EC462FD-D22E-90A8-E5CE-7E832BA40C5D}"
	ProjectSection(SolutionItems) = preProject
		.gitignore = .gitignore
	EndProjectSection
EndProject
Global
	GlobalSection(SolutionConfigurationPlatforms) = preSolution
		Debug|Any CPU = Debug|Any CPU
		Release|Any CPU = Release|Any CPU
	EndGlobalSection
	GlobalSection(ProjectConfigurationPlatforms) = postSolution
		{B0B09A82-EE64-452A-AF32-A84A2B8D18B2}.Debug|Any CPU.ActiveCfg = Debug|Any CPU
		{B0B09A82-EE64-452A-AF32-A84A2B8D18B2}.Debug|Any CPU.Build.0 = Debug|Any CPU
		{B0B09A82-EE64-452A-AF32-A84A2B8D18B2}.Release|Any CPU.ActiveCfg = Release|Any CPU
		{B0B09A82-EE64-452A-AF32-A84A2B8D18B2}.Release|Any CPU.Build.0 = Release|Any CPU
		{FA2973C7-C9BD-4E78-91E3-E7EE84DD3A62}.Debug|Any CPU.ActiveCfg = Debug|Any CPU
		{FA2973C7-C9BD-4E78-91E3-E7EE84DD3A62}.Debug|Any CPU.Build.0 = Debug|Any CPU
		{FA2973C7-C9BD-4E78-91E3-E7EE84DD3A62}.Release|Any CPU.ActiveCfg = Release|Any CPU
		{FA2973C7-C9BD-4E78-91E3-E7EE84DD3A62}.Release|Any CPU.Build.0 = Release|Any CPU
		{8E3C3614-6C98-42F4-8400-67BC8A3B6C7F}.Debug|Any CPU.ActiveCfg = Debug|Any CPU
		{8E3C3614-6C98-42F4-8400-67BC8A3B6C7F}.Debug|Any CPU.Build.0 = Debug|Any CPU
		{8E3C3614-6C98-42F4-8400-67BC8A3B6C7F}.Release|Any CPU.ActiveCfg = Release|Any CPU
		{8E3C3614-6C98-42F4-8400-67BC8A3B6C7F}.Release|Any CPU.Build.0 = Release|Any CPU
		{8BD208E8-30D0-4379-9348-49E2D5F48A37}.Debug|Any CPU.ActiveCfg = Debug|Any CPU
		{8BD208E8-30D0-4379-9348-49E2D5F48A37}.Debug|Any CPU.Build.0 = Debug|Any CPU
		{8BD208E8-30D0-4379-9348-49E2D5F48A37}.Release|Any CPU.ActiveCfg = Release|Any CPU
		{8BD208E8-30D0-4379-9348-49E2D5F48A37}.Release|Any CPU.Build.0 = Release|Any CPU
	EndGlobalSection
	GlobalSection(SolutionProperties) = preSolution
		HideSolutionNode = FALSE
	EndGlobalSection
	GlobalSection(ExtensibilityGlobals) = postSolution
		SolutionGuid = {B1B17E19-5843-42DF-A66F-671AB52B7BA1}
	EndGlobalSection
EndGlobal
